
Microsoft Visual Studio Solution File, Format Version 12.00
# Visual Studio Version 17
VisualStudioVersion = 17.0.31919.166
MinimumVisualStudioVersion = 10.0.40219.1
Project("{9A19103F-16F7-4668-BE54-9A1E7A4F7556}") = "EventBL", "EventBL\EventBL.csproj", "{662D5FBB-2E92-4C3A-9734-6FDA07056AEE}"
EndProject
Project("{9A19103F-16F7-4668-BE54-9A1E7A4F7556}") = "EventAPI", "EventAPI\EventAPI.csproj", "{48AFAD94-3509-45FD-9891-00A94A9C7C2E}"
EndProject
Global
	GlobalSection(SolutionConfigurationPlatforms) = preSolution
		Debug|Any CPU = Debug|Any CPU
		Release|Any CPU = Release|Any CPU
	EndGlobalSection
	GlobalSection(ProjectConfigurationPlatforms) = postSolution
		{662D5FBB-2E92-4C3A-9734-6FDA07056AEE}.Debug|Any CPU.ActiveCfg = Debug|Any CPU
		{662D5FBB-2E92-4C3A-9734-6FDA07056AEE}.Debug|Any CPU.Build.0 = Debug|Any CPU
		{662D5FBB-2E92-4C3A-9734-6FDA07056AEE}.Release|Any CPU.ActiveCfg = Release|Any CPU
		{662D5FBB-2E92-4C3A-9734-6FDA07056AEE}.Release|Any CPU.Build.0 = Release|Any CPU
		{48AFAD94-3509-45FD-9891-00A94A9C7C2E}.Debug|Any CPU.ActiveCfg = Debug|Any CPU
		{48AFAD94-3509-45FD-9891-00A94A9C7C2E}.Debug|Any CPU.Build.0 = Debug|Any CPU
		{48AFAD94-3509-45FD-9891-00A94A9C7C2E}.Release|Any CPU.ActiveCfg = Release|Any CPU
		{48AFAD94-3509-45FD-9891-00A94A9C7C2E}.Release|Any CPU.Build.0 = Release|Any CPU
	EndGlobalSection
	GlobalSection(SolutionProperties) = preSolution
		HideSolutionNode = FALSE
	EndGlobalSection
	GlobalSection(ExtensibilityGlobals) = postSolution
		SolutionGuid = {653D7815-1619-449A-AF73-CC5A40A19FAE}
	EndGlobalSection
EndGlobal
